
Microsoft Visual Studio Solution File, Format Version 12.00
# Visual Studio Version 16
VisualStudioVersion = 16.0.30523.141
MinimumVisualStudioVersion = 10.0.40219.1
Project("{FAE04EC0-301F-11D3-BF4B-00C04F79EFBC}") = "FileMover", "FileMover.csproj", "{351D8537-E51C-4707-A251-D9A4693F8909}"
EndProject
Global
	GlobalSection(SolutionConfigurationPlatforms) = preSolution
		Debug|Any CPU = Debug|Any CPU
		Release|Any CPU = Release|Any CPU
	EndGlobalSection
	GlobalSection(ProjectConfigurationPlatforms) = postSolution
		{351D8537-E51C-4707-A251-D9A4693F8909}.Debug|Any CPU.ActiveCfg = Debug|Any CPU
		{351D8537-E51C-4707-A251-D9A4693F8909}.Debug|Any CPU.Build.0 = Debug|Any CPU
		{351D8537-E51C-4707-A251-D9A4693F8909}.Release|Any CPU.ActiveCfg = Release|Any CPU
		{351D8537-E51C-4707-A251-D9A4693F8909}.Release|Any CPU.Build.0 = Release|Any CPU
	EndGlobalSection
	GlobalSection(SolutionProperties) = preSolution
		HideSolutionNode = FALSE
	EndGlobalSection
	GlobalSection(ExtensibilityGlobals) = postSolution
		SolutionGuid = {0502FB18-3678-438C-8889-59C87B1072C1}
	EndGlobalSection
EndGlobal
